// !$*UTF8*$!
{
	archiveVersion = 1;
	classes = {
	};
	objectVersion = 50;
	objects = {

/* Begin PBXBuildFile section */
		657ACCF52496ABC400135A74 /* AppDelegate.swift in Sources */ = {isa = PBXBuildFile; fileRef = 657ACCF42496ABC400135A74 /* AppDelegate.swift */; };
		657ACCF72496ABC400135A74 /* SceneDelegate.swift in Sources */ = {isa = PBXBuildFile; fileRef = 657ACCF62496ABC400135A74 /* SceneDelegate.swift */; };
		657ACCF92496ABC400135A74 /* ViewController.swift in Sources */ = {isa = PBXBuildFile; fileRef = 657ACCF82496ABC400135A74 /* ViewController.swift */; };
		657ACCFC2496ABC400135A74 /* Main.storyboard in Resources */ = {isa = PBXBuildFile; fileRef = 657ACCFA2496ABC400135A74 /* Main.storyboard */; };
		657ACCFE2496ABC600135A74 /* Assets.xcassets in Resources */ = {isa = PBXBuildFile; fileRef = 657ACCFD2496ABC600135A74 /* Assets.xcassets */; };
		657ACD012496ABC600135A74 /* LaunchScreen.storyboard in Resources */ = {isa = PBXBuildFile; fileRef = 657ACCFF2496ABC600135A74 /* LaunchScreen.storyboard */; };
/* End PBXBuildFile section */

/* Begin PBXFileReference section */
		657ACCF12496ABC400135A74 /* Strikethrough.app */ = {isa = PBXFileReference; explicitFileType = wrapper.application; includeInIndex = 0; path = Strikethrough.app; sourceTree = BUILT_PRODUCTS_DIR; };
		657ACCF42496ABC400135A74 /* AppDelegate.swift */ = {isa = PBXFileReference; lastKnownFileType = sourcecode.swift; path = AppDelegate.swift; sourceTree = "<group>"; };
		657ACCF62496ABC400135A74 /* SceneDelegate.swift */ = {isa = PBXFileReference; lastKnownFileType = sourcecode.swift; path = SceneDelegate.swift; sourceTree = "<group>"; };
		657ACCF82496ABC400135A74 /* ViewController.swift */ = {isa = PBXFileReference; lastKnownFileType = sourcecode.swift; path = ViewController.swift; sourceTree = "<group>"; };
		657ACCFB2496ABC400135A74 /* Base */ = {isa = PBXFileReference; lastKnownFileType = file.storyboard; name = Base; path = Base.lproj/Main.storyboard; sourceTree = "<group>"; };
		657ACCFD2496ABC600135A74 /* Assets.xcassets */ = {isa = PBXFileReference; lastKnownFileType = folder.assetcatalog; path = Assets.xcassets; sourceTree = "<group>"; };
		657ACD002496ABC600135A74 /* Base */ = {isa = PBXFileReference; lastKnownFileType = file.storyboard; name = Base; path = Base.lproj/LaunchScreen.storyboard; sourceTree = "<group>"; };
		657ACD022496ABC600135A74 /* Info.plist */ = {isa = PBXFileReference; lastKnownFileType = text.plist.xml; path = Info.plist; sourceTree = "<group>"; };
/* End PBXFileReference section */

/* Begin PBXFrameworksBuildPhase section */
		657ACCEE2496ABC400135A74 /* Frameworks */ = {
			isa = PBXFrameworksBuildPhase;
			buildActionMask = 2147483647;
			files = (
			);
			runOnlyForDeploymentPostprocessing = 0;
		};
/* End PBXFrameworksBuildPhase section */

/* Begin PBXGroup section */
		657ACCE82496ABC400135A74 = {
			isa = PBXGroup;
			children = (
				657ACCF32496ABC400135A74 /* Strikethrough */,
				657ACCF22496ABC400135A74 /* Products */,
			);
			sourceTree = "<group>";
		};
		657ACCF22496ABC400135A74 /* Products */ = {
			isa = PBXGroup;
			children = (
				657ACCF12496ABC400135A74 /* Strikethrough.app */,
			);
			name = Products;
			sourceTree = "<group>";
		};
		657ACCF32496ABC400135A74 /* Strikethrough */ = {
			isa = PBXGroup;
			children = (
				657ACCF42496ABC400135A74 /* AppDelegate.swift */,
				657ACCF62496ABC400135A74 /* SceneDelegate.swift */,
				657ACCF82496ABC400135A74 /* ViewController.swift */,
				657ACCFA2496ABC400135A74 /* Main.storyboard */,
				657ACCFD2496ABC600135A74 /* Assets.xcassets */,
				657ACCFF2496ABC600135A74 /* LaunchScreen.storyboard */,
				657ACD022496ABC600135A74 /* Info.plist */,
			);
			path = Strikethrough;
			sourceTree = "<group>";
		};
/* End PBXGroup section */

/* Begin PBXNativeTarget section */
		657ACCF02496ABC400135A74 /* Strikethrough */ = {
			isa = PBXNativeTarget;
			buildConfigurationList = 657ACD052496ABC600135A74 /* Build configuration list for PBXNativeTarget "Strikethrough" */;
			buildPhases = (
				657ACCED2496ABC400135A74 /* Sources */,
				657ACCEE2496ABC400135A74 /* Frameworks */,
				657ACCEF2496ABC400135A74 /* Resources */,
			);
			buildRules = (
			);
			dependencies = (
			);
			name = Strikethrough;
			productName = Sample;
			productReference = 657ACCF12496ABC400135A74 /* Strikethrough.app */;
			productType = "com.apple.product-type.application";
		};
/* End PBXNativeTarget section */

/* Begin PBXProject section */
		657ACCE92496ABC400135A74 /* Project object */ = {
			isa = PBXProject;
			attributes = {
				LastSwiftUpdateCheck = 1150;
				LastUpgradeCheck = 1150;
				ORGANIZATIONNAME = "中川翼";
				TargetAttributes = {
					657ACCF02496ABC400135A74 = {
						CreatedOnToolsVersion = 11.5;
					};
				};
			};
			buildConfigurationList = 657ACCEC2496ABC400135A74 /* Build configuration list for PBXProject "Strikethrough" */;
			compatibilityVersion = "Xcode 9.3";
			developmentRegion = en;
			hasScannedForEncodings = 0;
			knownRegions = (
				en,
				Base,
			);
			mainGroup = 657ACCE82496ABC400135A74;
			productRefGroup = 657ACCF22496ABC400135A74 /* Products */;
			projectDirPath = "";
			projectRoot = "";
			targets = (
				657ACCF02496ABC400135A74 /* Strikethrough */,
			);
		};
/* End PBXProject section */

/* Begin PBXResourcesBuildPhase section */
		657ACCEF2496ABC400135A74 /* Resources */ = {
			isa = PBXResourcesBuildPhase;
			buildActionMask = 2147483647;
			files = (
				657ACD012496ABC600135A74 /* LaunchScreen.storyboard in Resources */,
				657ACCFE2496ABC600135A74 /* Assets.xcassets in Resources */,
				657ACCFC2496ABC400135A74 /* Main.storyboard in Resources */,
			);
			runOnlyForDeploymentPostprocessing = 0;
		};
/* End PBXResourcesBuildPhase section */

/* Begin PBXSourcesBuildPhase section */
		657ACCED2496ABC400135A74 /* Sources */ = {
			isa = PBXSourcesBuildPhase;
			buildActionMask = 2147483647;
			files = (
				657ACCF92496ABC400135A74 /* ViewController.swift in Sources */,
				657ACCF52496ABC400135A74 /* AppDelegate.swift in Sources */,
				657ACCF72496ABC400135A74 /* SceneDelegate.swift in Sources */,
			);
			runOnlyForDeploymentPostprocessing = 0;
		};
/* End PBXSourcesBuildPhase section */

/* Begin PBXVariantGroup section */
		657ACCFA2496ABC400135A74 /* Main.storyboard */ = {
			isa = PBXVariantGroup;
			children = (
				657ACCFB2496ABC400135A74 /* Base */,
			);
			name = Main.storyboard;
			sourceTree = "<group>";
		};
		657ACCFF2496ABC600135A74 /* LaunchScreen.storyboard */ = {
			isa = PBXVariantGroup;
			children = (
				657ACD002496ABC600135A74 /* Base */,
			);
			name = LaunchScreen.storyboard;
			sourceTree = "<group>";
		};
/* End PBXVariantGroup section */

/* Begin XCBuildConfiguration section */
		657ACD032496ABC600135A74 /* Debug */ = {
			isa = XCBuildConfiguration;
			buildSettings = {
				ALWAYS_SEARCH_USER_PATHS = NO;
				CLANG_ANALYZER_NONNULL = YES;
				CLANG_ANALYZER_NUMBER_OBJECT_CONVERSION = YES_AGGRESSIVE;
				CLANG_CXX_LANGUAGE_STANDARD = "gnu++14";
				CLANG_CXX_LIBRARY = "libc++";
				CLANG_ENABLE_MODULES = YES;
				CLANG_ENABLE_OBJC_ARC = YES;
				CLANG_ENABLE_OBJC_WEAK = YES;
				CLANG_WARN_BLOCK_CAPTURE_AUTORELEASING = YES;
				CLANG_WARN_BOOL_CONVERSION = YES;
				CLANG_WARN_COMMA = YES;
				CLANG_WARN_CONSTANT_CONVERSION = YES;
				CLANG_WARN_DEPRECATED_OBJC_IMPLEMENTATIONS = YES;
				CLANG_WARN_DIRECT_OBJC_ISA_USAGE = YES_ERROR;
				CLANG_WARN_DOCUMENTATION_COMMENTS = YES;
				CLANG_WARN_EMPTY_BODY = YES;
				CLANG_WARN_ENUM_CONVERSION = YES;
				CLANG_WARN_INFINITE_RECURSION = YES;
				CLANG_WARN_INT_CONVERSION = YES;
				CLANG_WARN_NON_LITERAL_NULL_CONVERSION = YES;
				CLANG_WARN_OBJC_IMPLICIT_RETAIN_SELF = YES;
				CLANG_WARN_OBJC_LITERAL_CONVERSION = YES;
				CLANG_WARN_OBJC_ROOT_CLASS = YES_ERROR;
				CLANG_WARN_RANGE_LOOP_ANALYSIS = YES;
				CLANG_WARN_STRICT_PROTOTYPES = YES;
				CLANG_WARN_SUSPICIOUS_MOVE = YES;
				CLANG_WARN_UNGUARDED_AVAILABILITY = YES_AGGRESSIVE;
				CLANG_WARN_UNREACHABLE_CODE = YES;
				CLANG_WARN__DUPLICATE_METHOD_MATCH = YES;
				COPY_PHASE_STRIP = NO;
				DEBUG_INFORMATION_FORMAT = dwarf;
				ENABLE_STRICT_OBJC_MSGSEND = YES;
				ENABLE_TESTABILITY = YES;
				GCC_C_LANGUAGE_STANDARD = gnu11;
				GCC_DYNAMIC_NO_PIC = NO;
				GCC_NO_COMMON_BLOCKS = YES;
				GCC_OPTIMIZATION_LEVEL = 0;
				GCC_PREPROCESSOR_DEFINITIONS = (
					"DEBUG=1",
					"$(inherited)",
				);
				GCC_WARN_64_TO_32_BIT_CONVERSION = YES;
				GCC_WARN_ABOUT_RETURN_TYPE = YES_ERROR;
				GCC_WARN_UNDECLARED_SELECTOR = YES;
				GCC_WARN_UNINITIALIZED_AUTOS = YES_AGGRESSIVE;
				GCC_WARN_UNUSED_FUNCTION = YES;
				GCC_WARN_UNUSED_VARIABLE = YES;
				IPHONEOS_DEPLOYMENT_TARGET = 13.5;
				MTL_ENABLE_DEBUG_INFO = INCLUDE_SOURCE;
				MTL_FAST_MATH = YES;
				ONLY_ACTIVE_ARCH = YES;
				SDKROOT = iphoneos;
				SWIFT_ACTIVE_COMPILATION_CONDITIONS = DEBUG;
				SWIFT_OPTIMIZATION_LEVEL = "-Onone";
			};
			name = Debug;
		};
		657ACD042496ABC600135A74 /* Release */ = {
			isa = XCBuildConfiguration;
			buildSettings = {
				ALWAYS_SEARCH_USER_PATHS = NO;
				CLANG_ANALYZER_NONNULL = YES;
				CLANG_ANALYZER_NUMBER_OBJECT_CONVERSION = YES_AGGRESSIVE;
				CLANG_CXX_LANGUAGE_STANDARD = "gnu++14";
				CLANG_CXX_LIBRARY = "libc++";
				CLANG_ENABLE_MODULES = YES;
				CLANG_ENABLE_OBJC_ARC = YES;
				CLANG_ENABLE_OBJC_WEAK = YES;
				CLANG_WARN_BLOCK_CAPTURE_AUTORELEASING = YES;
				CLANG_WARN_BOOL_CONVERSION = YES;
				CLANG_WARN_COMMA = YES;
				CLANG_WARN_CONSTANT_CONVERSION = YES;
				CLANG_WARN_DEPRECATED_OBJC_IMPLEMENTATIONS = YES;
				CLANG_WARN_DIRECT_OBJC_ISA_USAGE = YES_ERROR;
				CLANG_WARN_DOCUMENTATION_COMMENTS = YES;
				CLANG_WARN_EMPTY_BODY = YES;
				CLANG_WARN_ENUM_CONVERSION = YES;
				CLANG_WARN_INFINITE_RECURSION = YES;
				CLANG_WARN_INT_CONVERSION = YES;
				CLANG_WARN_NON_LITERAL_NULL_CONVERSION = YES;
				CLANG_WARN_OBJC_IMPLICIT_RETAIN_SELF = YES;
				CLANG_WARN_OBJC_LITERAL_CONVERSION = YES;
				CLANG_WARN_OBJC_ROOT_CLASS = YES_ERROR;
				CLANG_WARN_RANGE_LOOP_ANALYSIS = YES;
				CLANG_WARN_STRICT_PROTOTYPES = YES;
				CLANG_WARN_SUSPICIOUS_MOVE = YES;
				CLANG_WARN_UNGUARDED_AVAILABILITY = YES_AGGRESSIVE;
				CLANG_WARN_UNREACHABLE_CODE = YES;
				CLANG_WARN__DUPLICATE_METHOD_MATCH = YES;
				COPY_PHASE_STRIP = NO;
				DEBUG_INFORMATION_FORMAT = "dwarf-with-dsym";
				ENABLE_NS_ASSERTIONS = NO;
				ENABLE_STRICT_OBJC_MSGSEND = YES;
				GCC_C_LANGUAGE_STANDARD = gnu11;
				GCC_NO_COMMON_BLOCKS = YES;
				GCC_WARN_64_TO_32_BIT_CONVERSION = YES;
				GCC_WARN_ABOUT_RETURN_TYPE = YES_ERROR;
				GCC_WARN_UNDECLARED_SELECTOR = YES;
				GCC_WARN_UNINITIALIZED_AUTOS = YES_AGGRESSIVE;
				GCC_WARN_UNUSED_FUNCTION = YES;
				GCC_WARN_UNUSED_VARIABLE = YES;
				IPHONEOS_DEPLOYMENT_TARGET = 13.5;
				MTL_ENABLE_DEBUG_INFO = NO;
				MTL_FAST_MATH = YES;
				SDKROOT = iphoneos;
				SWIFT_COMPILATION_MODE = wholemodule;
				SWIFT_OPTIMIZATION_LEVEL = "-O";
				VALIDATE_PRODUCT = YES;
			};
			name = Release;
		};
		657ACD062496ABC600135A74 /* Debug */ = {
			isa = XCBuildConfiguration;
			buildSettings = {
				ASSETCATALOG_COMPILER_APPICON_NAME = AppIcon;
				CODE_SIGN_STYLE = Automatic;
				DEVELOPMENT_TEAM = 38H9RWQDMB;
				INFOPLIST_FILE = "$(SRCROOT)/Strikethrough/Info.plist";
				LD_RUNPATH_SEARCH_PATHS = (
					"$(inherited)",
					"@executable_path/Frameworks",
				);
				PRODUCT_BUNDLE_IDENTIFIER = com.nakatuba.Strikethrough;
				PRODUCT_NAME = "$(TARGET_NAME)";
				SWIFT_VERSION = 5.0;
				TARGETED_DEVICE_FAMILY = "1,2";
			};
			name = Debug;
		};
		657ACD072496ABC600135A74 /* Release */ = {
			isa = XCBuildConfiguration;
			buildSettings = {
				ASSETCATALOG_COMPILER_APPICON_NAME = AppIcon;
				CODE_SIGN_STYLE = Automatic;
				DEVELOPMENT_TEAM = 38H9RWQDMB;
				INFOPLIST_FILE = "$(SRCROOT)/Strikethrough/Info.plist";
				LD_RUNPATH_SEARCH_PATHS = (
					"$(inherited)",
					"@executable_path/Frameworks",
				);
				PRODUCT_BUNDLE_IDENTIFIER = com.nakatuba.Strikethrough;
				PRODUCT_NAME = "$(TARGET_NAME)";
				SWIFT_VERSION = 5.0;
				TARGETED_DEVICE_FAMILY = "1,2";
			};
			name = Release;
		};
/* End XCBuildConfiguration section */

/* Begin XCConfigurationList section */
		657ACCEC2496ABC400135A74 /* Build configuration list for PBXProject "Strikethrough" */ = {
			isa = XCConfigurationList;
			buildConfigurations = (
				657ACD032496ABC600135A74 /* Debug */,
				657ACD042496ABC600135A74 /* Release */,
			);
			defaultConfigurationIsVisible = 0;
			defaultConfigurationName = Release;
		};
		657ACD052496ABC600135A74 /* Build configuration list for PBXNativeTarget "Strikethrough" */ = {
			isa = XCConfigurationList;
			buildConfigurations = (
				657ACD062496ABC600135A74 /* Debug */,
				657ACD072496ABC600135A74 /* Release */,
			);
			defaultConfigurationIsVisible = 0;
			defaultConfigurationName = Release;
		};
/* End XCConfigurationList section */
	};
	rootObject = 657ACCE92496ABC400135A74 /* Project object */;
}
